
Microsoft Visual Studio Solution File, Format Version 12.00
# Visual Studio 15
VisualStudioVersion = 15.0.28307.329
MinimumVisualStudioVersion = 10.0.40219.1
Project("{FAE04EC0-301F-11D3-BF4B-00C04F79EFBC}") = "LiveCoding1.Android", "LiveCoding1\LiveCoding1.Android\LiveCoding1.Android.csproj", "{F75CCFBF-A019-4851-B1A9-7C81E2F3423D}"
EndProject
Project("{FAE04EC0-301F-11D3-BF4B-00C04F79EFBC}") = "LiveCoding1.UWP", "LiveCoding1\LiveCoding1.UWP\LiveCoding1.UWP.csproj", "{E5FE996C-01D3-4983-903D-4F06A81FF640}"
EndProject
Project("{FAE04EC0-301F-11D3-BF4B-00C04F79EFBC}") = "LiveCoding1", "LiveCoding1\LiveCoding1\LiveCoding1.csproj", "{EF1518BA-A301-4E32-B254-8C4D93ED2E6C}"
EndProject
Global
	GlobalSection(SolutionConfigurationPlatforms) = preSolution
		Ad-Hoc|Any CPU = Ad-Hoc|Any CPU
		Ad-Hoc|ARM = Ad-Hoc|ARM
		Ad-Hoc|iPhone = Ad-Hoc|iPhone
		Ad-Hoc|iPhoneSimulator = Ad-Hoc|iPhoneSimulator
		Ad-Hoc|x64 = Ad-Hoc|x64
		Ad-Hoc|x86 = Ad-Hoc|x86
		AppStore|Any CPU = AppStore|Any CPU
		AppStore|ARM = AppStore|ARM
		AppStore|iPhone = AppStore|iPhone
		AppStore|iPhoneSimulator = AppStore|iPhoneSimulator
		AppStore|x64 = AppStore|x64
		AppStore|x86 = AppStore|x86
		Debug|Any CPU = Debug|Any CPU
		Debug|ARM = Debug|ARM
		Debug|iPhone = Debug|iPhone
		Debug|iPhoneSimulator = Debug|iPhoneSimulator
		Debug|x64 = Debug|x64
		Debug|x86 = Debug|x86
		Release|Any CPU = Release|Any CPU
		Release|ARM = Release|ARM
		Release|iPhone = Release|iPhone
		Release|iPhoneSimulator = Release|iPhoneSimulator
		Release|x64 = Release|x64
		Release|x86 = Release|x86
	EndGlobalSection
	GlobalSection(ProjectConfigurationPlatforms) = postSolution
		{F75CCFBF-A019-4851-B1A9-7C81E2F3423D}.Ad-Hoc|Any CPU.ActiveCfg = Release|Any CPU
		{F75CCFBF-A019-4851-B1A9-7C81E2F3423D}.Ad-Hoc|Any CPU.Build.0 = Release|Any CPU
		{F75CCFBF-A019-4851-B1A9-7C81E2F3423D}.Ad-Hoc|Any CPU.Deploy.0 = Release|Any CPU
		{F75CCFBF-A019-4851-B1A9-7C81E2F3423D}.Ad-Hoc|ARM.ActiveCfg = Release|Any CPU
		{F75CCFBF-A019-4851-B1A9-7C81E2F3423D}.Ad-Hoc|ARM.Build.0 = Release|Any CPU
		{F75CCFBF-A019-4851-B1A9-7C81E2F3423D}.Ad-Hoc|ARM.Deploy.0 = Release|Any CPU
		{F75CCFBF-A019-4851-B1A9-7C81E2F3423D}.Ad-Hoc|iPhone.ActiveCfg = Release|Any CPU
		{F75CCFBF-A019-4851-B1A9-7C81E2F3423D}.Ad-Hoc|iPhone.Build.0 = Release|Any CPU
		{F75CCFBF-A019-4851-B1A9-7C81E2F3423D}.Ad-Hoc|iPhone.Deploy.0 = Release|Any CPU
		{F75CCFBF-A019-4851-B1A9-7C81E2F3423D}.Ad-Hoc|iPhoneSimulator.ActiveCfg = Release|Any CPU
		{F75CCFBF-A019-4851-B1A9-7C81E2F3423D}.Ad-Hoc|iPhoneSimulator.Build.0 = Release|Any CPU
		{F75CCFBF-A019-4851-B1A9-7C81E2F3423D}.Ad-Hoc|iPhoneSimulator.Deploy.0 = Release|Any CPU
		{F75CCFBF-A019-4851-B1A9-7C81E2F3423D}.Ad-Hoc|x64.ActiveCfg = Release|Any CPU
		{F75CCFBF-A019-4851-B1A9-7C81E2F3423D}.Ad-Hoc|x64.Build.0 = Release|Any CPU
		{F75CCFBF-A019-4851-B1A9-7C81E2F3423D}.Ad-Hoc|x64.Deploy.0 = Release|Any CPU
		{F75CCFBF-A019-4851-B1A9-7C81E2F3423D}.Ad-Hoc|x86.ActiveCfg = Release|Any CPU
		{F75CCFBF-A019-4851-B1A9-7C81E2F3423D}.Ad-Hoc|x86.Build.0 = Release|Any CPU
		{F75CCFBF-A019-4851-B1A9-7C81E2F3423D}.Ad-Hoc|x86.Deploy.0 = Release|Any CPU
		{F75CCFBF-A019-4851-B1A9-7C81E2F3423D}.AppStore|Any CPU.ActiveCfg = Release|Any CPU
		{F75CCFBF-A019-4851-B1A9-7C81E2F3423D}.AppStore|Any CPU.Build.0 = Release|Any CPU
		{F75CCFBF-A019-4851-B1A9-7C81E2F3423D}.AppStore|Any CPU.Deploy.0 = Release|Any CPU
		{F75CCFBF-A019-4851-B1A9-7C81E2F3423D}.AppStore|ARM.ActiveCfg = Release|Any CPU
		{F75CCFBF-A019-4851-B1A9-7C81E2F3423D}.AppStore|ARM.Build.0 = Release|Any CPU
		{F75CCFBF-A019-4851-B1A9-7C81E2F3423D}.AppStore|ARM.Deploy.0 = Release|Any CPU
		{F75CCFBF-A019-4851-B1A9-7C81E2F3423D}.AppStore|iPhone.ActiveCfg = Release|Any CPU
		{F75CCFBF-A019-4851-B1A9-7C81E2F3423D}.AppStore|iPhone.Build.0 = Release|Any CPU
		{F75CCFBF-A019-4851-B1A9-7C81E2F3423D}.AppStore|iPhone.Deploy.0 = Release|Any CPU
		{F75CCFBF-A019-4851-B1A9-7C81E2F3423D}.AppStore|iPhoneSimulator.ActiveCfg = Release|Any CPU
		{F75CCFBF-A019-4851-B1A9-7C81E2F3423D}.AppStore|iPhoneSimulator.Build.0 = Release|Any CPU
		{F75CCFBF-A019-4851-B1A9-7C81E2F3423D}.AppStore|iPhoneSimulator.Deploy.0 = Release|Any CPU
		{F75CCFBF-A019-4851-B1A9-7C81E2F3423D}.AppStore|x64.ActiveCfg = Release|Any CPU
		{F75CCFBF-A019-4851-B1A9-7C81E2F3423D}.AppStore|x64.Build.0 = Release|Any CPU
		{F75CCFBF-A019-4851-B1A9-7C81E2F3423D}.AppStore|x64.Deploy.0 = Release|Any CPU
		{F75CCFBF-A019-4851-B1A9-7C81E2F3423D}.AppStore|x86.ActiveCfg = Release|Any CPU
		{F75CCFBF-A019-4851-B1A9-7C81E2F3423D}.AppStore|x86.Build.0 = Release|Any CPU
		{F75CCFBF-A019-4851-B1A9-7C81E2F3423D}.AppStore|x86.Deploy.0 = Release|Any CPU
		{F75CCFBF-A019-4851-B1A9-7C81E2F3423D}.Debug|Any CPU.ActiveCfg = Debug|Any CPU
		{F75CCFBF-A019-4851-B1A9-7C81E2F3423D}.Debug|Any CPU.Build.0 = Debug|Any CPU
		{F75CCFBF-A019-4851-B1A9-7C81E2F3423D}.Debug|Any CPU.Deploy.0 = Debug|Any CPU
		{F75CCFBF-A019-4851-B1A9-7C81E2F3423D}.Debug|ARM.ActiveCfg = Debug|Any CPU
		{F75CCFBF-A019-4851-B1A9-7C81E2F3423D}.Debug|ARM.Build.0 = Debug|Any CPU
		{F75CCFBF-A019-4851-B1A9-7C81E2F3423D}.Debug|ARM.Deploy.0 = Debug|Any CPU
		{F75CCFBF-A019-4851-B1A9-7C81E2F3423D}.Debug|iPhone.ActiveCfg = Debug|Any CPU
		{F75CCFBF-A019-4851-B1A9-7C81E2F3423D}.Debug|iPhone.Build.0 = Debug|Any CPU
		{F75CCFBF-A019-4851-B1A9-7C81E2F3423D}.Debug|iPhone.Deploy.0 = Debug|Any CPU
		{F75CCFBF-A019-4851-B1A9-7C81E2F3423D}.Debug|iPhoneSimulator.ActiveCfg = Debug|Any CPU
		{F75CCFBF-A019-4851-B1A9-7C81E2F3423D}.Debug|iPhoneSimulator.Build.0 = Debug|Any CPU
		{F75CCFBF-A019-4851-B1A9-7C81E2F3423D}.Debug|iPhoneSimulator.Deploy.0 = Debug|Any CPU
		{F75CCFBF-A019-4851-B1A9-7C81E2F3423D}.Debug|x64.ActiveCfg = Debug|Any CPU
		{F75CCFBF-A019-4851-B1A9-7C81E2F3423D}.Debug|x64.Build.0 = Debug|Any CPU
		{F75CCFBF-A019-4851-B1A9-7C81E2F3423D}.Debug|x64.Deploy.0 = Debug|Any CPU
		{F75CCFBF-A019-4851-B1A9-7C81E2F3423D}.Debug|x86.ActiveCfg = Debug|Any CPU
		{F75CCFBF-A019-4851-B1A9-7C81E2F3423D}.Debug|x86.Build.0 = Debug|Any CPU
		{F75CCFBF-A019-4851-B1A9-7C81E2F3423D}.Debug|x86.Deploy.0 = Debug|Any CPU
		{F75CCFBF-A019-4851-B1A9-7C81E2F3423D}.Release|Any CPU.ActiveCfg = Release|Any CPU
		{F75CCFBF-A019-4851-B1A9-7C81E2F3423D}.Release|Any CPU.Build.0 = Release|Any CPU
		{F75CCFBF-A019-4851-B1A9-7C81E2F3423D}.Release|Any CPU.Deploy.0 = Release|Any CPU
		{F75CCFBF-A019-4851-B1A9-7C81E2F3423D}.Release|ARM.ActiveCfg = Release|Any CPU
		{F75CCFBF-A019-4851-B1A9-7C81E2F3423D}.Release|ARM.Build.0 = Release|Any CPU
		{F75CCFBF-A019-4851-B1A9-7C81E2F3423D}.Release|ARM.Deploy.0 = Release|Any CPU
		{F75CCFBF-A019-4851-B1A9-7C81E2F3423D}.Release|iPhone.ActiveCfg = Release|Any CPU
		{F75CCFBF-A019-4851-B1A9-7C81E2F3423D}.Release|iPhone.Build.0 = Release|Any CPU
		{F75CCFBF-A019-4851-B1A9-7C81E2F3423D}.Release|iPhone.Deploy.0 = Release|Any CPU
		{F75CCFBF-A019-4851-B1A9-7C81E2F3423D}.Release|iPhoneSimulator.ActiveCfg = Release|Any CPU
		{F75CCFBF-A019-4851-B1A9-7C81E2F3423D}.Release|iPhoneSimulator.Build.0 = Release|Any CPU
		{F75CCFBF-A019-4851-B1A9-7C81E2F3423D}.Release|iPhoneSimulator.Deploy.0 = Release|Any CPU
		{F75CCFBF-A019-4851-B1A9-7C81E2F3423D}.Release|x64.ActiveCfg = Release|Any CPU
		{F75CCFBF-A019-4851-B1A9-7C81E2F3423D}.Release|x64.Build.0 = Release|Any CPU
		{F75CCFBF-A019-4851-B1A9-7C81E2F3423D}.Release|x64.Deploy.0 = Release|Any CPU
		{F75CCFBF-A019-4851-B1A9-7C81E2F3423D}.Release|x86.ActiveCfg = Release|Any CPU
		{F75CCFBF-A019-4851-B1A9-7C81E2F3423D}.Release|x86.Build.0 = Release|Any CPU
		{F75CCFBF-A019-4851-B1A9-7C81E2F3423D}.Release|x86.Deploy.0 = Release|Any CPU
		{E5FE996C-01D3-4983-903D-4F06A81FF640}.Ad-Hoc|Any CPU.ActiveCfg = Release|x86
		{E5FE996C-01D3-4983-903D-4F06A81FF640}.Ad-Hoc|Any CPU.Build.0 = Release|x86
		{E5FE996C-01D3-4983-903D-4F06A81FF640}.Ad-Hoc|Any CPU.Deploy.0 = Release|x86
		{E5FE996C-01D3-4983-903D-4F06A81FF640}.Ad-Hoc|ARM.ActiveCfg = Release|ARM
		{E5FE996C-01D3-4983-903D-4F06A81FF640}.Ad-Hoc|ARM.Build.0 = Release|ARM
		{E5FE996C-01D3-4983-903D-4F06A81FF640}.Ad-Hoc|ARM.Deploy.0 = Release|ARM
		{E5FE996C-01D3-4983-903D-4F06A81FF640}.Ad-Hoc|iPhone.ActiveCfg = Release|x86
		{E5FE996C-01D3-4983-903D-4F06A81FF640}.Ad-Hoc|iPhone.Build.0 = Release|x86
		{E5FE996C-01D3-4983-903D-4F06A81FF640}.Ad-Hoc|iPhone.Deploy.0 = Release|x86
		{E5FE996C-01D3-4983-903D-4F06A81FF640}.Ad-Hoc|iPhoneSimulator.ActiveCfg = Release|x86
		{E5FE996C-01D3-4983-903D-4F06A81FF640}.Ad-Hoc|iPhoneSimulator.Build.0 = Release|x86
		{E5FE996C-01D3-4983-903D-4F06A81FF640}.Ad-Hoc|iPhoneSimulator.Deploy.0 = Release|x86
		{E5FE996C-01D3-4983-903D-4F06A81FF640}.Ad-Hoc|x64.ActiveCfg = Release|x64
		{E5FE996C-01D3-4983-903D-4F06A81FF640}.Ad-Hoc|x64.Build.0 = Release|x64
		{E5FE996C-01D3-4983-903D-4F06A81FF640}.Ad-Hoc|x64.Deploy.0 = Release|x64
		{E5FE996C-01D3-4983-903D-4F06A81FF640}.Ad-Hoc|x86.ActiveCfg = Release|x86
		{E5FE996C-01D3-4983-903D-4F06A81FF640}.Ad-Hoc|x86.Build.0 = Release|x86
		{E5FE996C-01D3-4983-903D-4F06A81FF640}.Ad-Hoc|x86.Deploy.0 = Release|x86
		{E5FE996C-01D3-4983-903D-4F06A81FF640}.AppStore|Any CPU.ActiveCfg = Release|x86
		{E5FE996C-01D3-4983-903D-4F06A81FF640}.AppStore|Any CPU.Build.0 = Release|x86
		{E5FE996C-01D3-4983-903D-4F06A81FF640}.AppStore|Any CPU.Deploy.0 = Release|x86
		{E5FE996C-01D3-4983-903D-4F06A81FF640}.AppStore|ARM.ActiveCfg = Release|ARM
		{E5FE996C-01D3-4983-903D-4F06A81FF640}.AppStore|ARM.Build.0 = Release|ARM
		{E5FE996C-01D3-4983-903D-4F06A81FF640}.AppStore|ARM.Deploy.0 = Release|ARM
		{E5FE996C-01D3-4983-903D-4F06A81FF640}.AppStore|iPhone.ActiveCfg = Release|x86
		{E5FE996C-01D3-4983-903D-4F06A81FF640}.AppStore|iPhone.Build.0 = Release|x86
		{E5FE996C-01D3-4983-903D-4F06A81FF640}.AppStore|iPhone.Deploy.0 = Release|x86
		{E5FE996C-01D3-4983-903D-4F06A81FF640}.AppStore|iPhoneSimulator.ActiveCfg = Release|x86
		{E5FE996C-01D3-4983-903D-4F06A81FF640}.AppStore|iPhoneSimulator.Build.0 = Release|x86
		{E5FE996C-01D3-4983-903D-4F06A81FF640}.AppStore|iPhoneSimulator.Deploy.0 = Release|x86
		{E5FE996C-01D3-4983-903D-4F06A81FF640}.AppStore|x64.ActiveCfg = Release|x64
		{E5FE996C-01D3-4983-903D-4F06A81FF640}.AppStore|x64.Build.0 = Release|x64
		{E5FE996C-01D3-4983-903D-4F06A81FF640}.AppStore|x64.Deploy.0 = Release|x64
		{E5FE996C-01D3-4983-903D-4F06A81FF640}.AppStore|x86.ActiveCfg = Release|x86
		{E5FE996C-01D3-4983-903D-4F06A81FF640}.AppStore|x86.Build.0 = Release|x86
		{E5FE996C-01D3-4983-903D-4F06A81FF640}.AppStore|x86.Deploy.0 = Release|x86
		{E5FE996C-01D3-4983-903D-4F06A81FF640}.Debug|Any CPU.ActiveCfg = Debug|x86
		{E5FE996C-01D3-4983-903D-4F06A81FF640}.Debug|Any CPU.Build.0 = Debug|x86
		{E5FE996C-01D3-4983-903D-4F06A81FF640}.Debug|Any CPU.Deploy.0 = Debug|x86
		{E5FE996C-01D3-4983-903D-4F06A81FF640}.Debug|ARM.ActiveCfg = Debug|ARM
		{E5FE996C-01D3-4983-903D-4F06A81FF640}.Debug|ARM.Build.0 = Debug|ARM
		{E5FE996C-01D3-4983-903D-4F06A81FF640}.Debug|ARM.Deploy.0 = Debug|ARM
		{E5FE996C-01D3-4983-903D-4F06A81FF640}.Debug|iPhone.ActiveCfg = Debug|x86
		{E5FE996C-01D3-4983-903D-4F06A81FF640}.Debug|iPhone.Build.0 = Debug|x86
		{E5FE996C-01D3-4983-903D-4F06A81FF640}.Debug|iPhone.Deploy.0 = Debug|x86
		{E5FE996C-01D3-4983-903D-4F06A81FF640}.Debug|iPhoneSimulator.ActiveCfg = Debug|x86
		{E5FE996C-01D3-4983-903D-4F06A81FF640}.Debug|iPhoneSimulator.Build.0 = Debug|x86
		{E5FE996C-01D3-4983-903D-4F06A81FF640}.Debug|iPhoneSimulator.Deploy.0 = Debug|x86
		{E5FE996C-01D3-4983-903D-4F06A81FF640}.Debug|x64.ActiveCfg = Debug|x64
		{E5FE996C-01D3-4983-903D-4F06A81FF640}.Debug|x64.Build.0 = Debug|x64
		{E5FE996C-01D3-4983-903D-4F06A81FF640}.Debug|x64.Deploy.0 = Debug|x64
		{E5FE996C-01D3-4983-903D-4F06A81FF640}.Debug|x86.ActiveCfg = Debug|x86
		{E5FE996C-01D3-4983-903D-4F06A81FF640}.Debug|x86.Build.0 = Debug|x86
		{E5FE996C-01D3-4983-903D-4F06A81FF640}.Debug|x86.Deploy.0 = Debug|x86
		{E5FE996C-01D3-4983-903D-4F06A81FF640}.Release|Any CPU.ActiveCfg = Release|x86
		{E5FE996C-01D3-4983-903D-4F06A81FF640}.Release|Any CPU.Build.0 = Release|x86
		{E5FE996C-01D3-4983-903D-4F06A81FF640}.Release|Any CPU.Deploy.0 = Release|x86
		{E5FE996C-01D3-4983-903D-4F06A81FF640}.Release|ARM.ActiveCfg = Release|ARM
		{E5FE996C-01D3-4983-903D-4F06A81FF640}.Release|ARM.Build.0 = Release|ARM
		{E5FE996C-01D3-4983-903D-4F06A81FF640}.Release|ARM.Deploy.0 = Release|ARM
		{E5FE996C-01D3-4983-903D-4F06A81FF640}.Release|iPhone.ActiveCfg = Release|x86
		{E5FE996C-01D3-4983-903D-4F06A81FF640}.Release|iPhone.Build.0 = Release|x86
		{E5FE996C-01D3-4983-903D-4F06A81FF640}.Release|iPhone.Deploy.0 = Release|x86
		{E5FE996C-01D3-4983-903D-4F06A81FF640}.Release|iPhoneSimulator.ActiveCfg = Release|x86
		{E5FE996C-01D3-4983-903D-4F06A81FF640}.Release|iPhoneSimulator.Build.0 = Release|x86
		{E5FE996C-01D3-4983-903D-4F06A81FF640}.Release|iPhoneSimulator.Deploy.0 = Release|x86
		{E5FE996C-01D3-4983-903D-4F06A81FF640}.Release|x64.ActiveCfg = Release|x64
		{E5FE996C-01D3-4983-903D-4F06A81FF640}.Release|x64.Build.0 = Release|x64
		{E5FE996C-01D3-4983-903D-4F06A81FF640}.Release|x64.Deploy.0 = Release|x64
		{E5FE996C-01D3-4983-903D-4F06A81FF640}.Release|x86.ActiveCfg = Release|x86
		{E5FE996C-01D3-4983-903D-4F06A81FF640}.Release|x86.Build.0 = Release|x86
		{E5FE996C-01D3-4983-903D-4F06A81FF640}.Release|x86.Deploy.0 = Release|x86
		{EF1518BA-A301-4E32-B254-8C4D93ED2E6C}.Ad-Hoc|Any CPU.ActiveCfg = Debug|Any CPU
		{EF1518BA-A301-4E32-B254-8C4D93ED2E6C}.Ad-Hoc|Any CPU.Build.0 = Debug|Any CPU
		{EF1518BA-A301-4E32-B254-8C4D93ED2E6C}.Ad-Hoc|Any CPU.Deploy.0 = Debug|Any CPU
		{EF1518BA-A301-4E32-B254-8C4D93ED2E6C}.Ad-Hoc|ARM.ActiveCfg = Debug|Any CPU
		{EF1518BA-A301-4E32-B254-8C4D93ED2E6C}.Ad-Hoc|ARM.Build.0 = Debug|Any CPU
		{EF1518BA-A301-4E32-B254-8C4D93ED2E6C}.Ad-Hoc|ARM.Deploy.0 = Debug|Any CPU
		{EF1518BA-A301-4E32-B254-8C4D93ED2E6C}.Ad-Hoc|iPhone.ActiveCfg = Debug|Any CPU
		{EF1518BA-A301-4E32-B254-8C4D93ED2E6C}.Ad-Hoc|iPhone.Build.0 = Debug|Any CPU
		{EF1518BA-A301-4E32-B254-8C4D93ED2E6C}.Ad-Hoc|iPhone.Deploy.0 = Debug|Any CPU
		{EF1518BA-A301-4E32-B254-8C4D93ED2E6C}.Ad-Hoc|iPhoneSimulator.ActiveCfg = Debug|Any CPU
		{EF1518BA-A301-4E32-B254-8C4D93ED2E6C}.Ad-Hoc|iPhoneSimulator.Build.0 = Debug|Any CPU
		{EF1518BA-A301-4E32-B254-8C4D93ED2E6C}.Ad-Hoc|iPhoneSimulator.Deploy.0 = Debug|Any CPU
		{EF1518BA-A301-4E32-B254-8C4D93ED2E6C}.Ad-Hoc|x64.ActiveCfg = Debug|Any CPU
		{EF1518BA-A301-4E32-B254-8C4D93ED2E6C}.Ad-Hoc|x64.Build.0 = Debug|Any CPU
		{EF1518BA-A301-4E32-B254-8C4D93ED2E6C}.Ad-Hoc|x64.Deploy.0 = Debug|Any CPU
		{EF1518BA-A301-4E32-B254-8C4D93ED2E6C}.Ad-Hoc|x86.ActiveCfg = Debug|Any CPU
		{EF1518BA-A301-4E32-B254-8C4D93ED2E6C}.Ad-Hoc|x86.Build.0 = Debug|Any CPU
		{EF1518BA-A301-4E32-B254-8C4D93ED2E6C}.Ad-Hoc|x86.Deploy.0 = Debug|Any CPU
		{EF1518BA-A301-4E32-B254-8C4D93ED2E6C}.AppStore|Any CPU.ActiveCfg = Debug|Any CPU
		{EF1518BA-A301-4E32-B254-8C4D93ED2E6C}.AppStore|Any CPU.Build.0 = Debug|Any CPU
		{EF1518BA-A301-4E32-B254-8C4D93ED2E6C}.AppStore|Any CPU.Deploy.0 = Debug|Any CPU
		{EF1518BA-A301-4E32-B254-8C4D93ED2E6C}.AppStore|ARM.ActiveCfg = Debug|Any CPU
		{EF1518BA-A301-4E32-B254-8C4D93ED2E6C}.AppStore|ARM.Build.0 = Debug|Any CPU
		{EF1518BA-A301-4E32-B254-8C4D93ED2E6C}.AppStore|ARM.Deploy.0 = Debug|Any CPU
		{EF1518BA-A301-4E32-B254-8C4D93ED2E6C}.AppStore|iPhone.ActiveCfg = Debug|Any CPU
		{EF1518BA-A301-4E32-B254-8C4D93ED2E6C}.AppStore|iPhone.Build.0 = Debug|Any CPU
		{EF1518BA-A301-4E32-B254-8C4D93ED2E6C}.AppStore|iPhone.Deploy.0 = Debug|Any CPU
		{EF1518BA-A301-4E32-B254-8C4D93ED2E6C}.AppStore|iPhoneSimulator.ActiveCfg = Debug|Any CPU
		{EF1518BA-A301-4E32-B254-8C4D93ED2E6C}.AppStore|iPhoneSimulator.Build.0 = Debug|Any CPU
		{EF1518BA-A301-4E32-B254-8C4D93ED2E6C}.AppStore|iPhoneSimulator.Deploy.0 = Debug|Any CPU
		{EF1518BA-A301-4E32-B254-8C4D93ED2E6C}.AppStore|x64.ActiveCfg = Debug|Any CPU
		{EF1518BA-A301-4E32-B254-8C4D93ED2E6C}.AppStore|x64.Build.0 = Debug|Any CPU
		{EF1518BA-A301-4E32-B254-8C4D93ED2E6C}.AppStore|x64.Deploy.0 = Debug|Any CPU
		{EF1518BA-A301-4E32-B254-8C4D93ED2E6C}.AppStore|x86.ActiveCfg = Debug|Any CPU
		{EF1518BA-A301-4E32-B254-8C4D93ED2E6C}.AppStore|x86.Build.0 = Debug|Any CPU
		{EF1518BA-A301-4E32-B254-8C4D93ED2E6C}.AppStore|x86.Deploy.0 = Debug|Any CPU
		{EF1518BA-A301-4E32-B254-8C4D93ED2E6C}.Debug|Any CPU.ActiveCfg = Debug|Any CPU
		{EF1518BA-A301-4E32-B254-8C4D93ED2E6C}.Debug|Any CPU.Build.0 = Debug|Any CPU
		{EF1518BA-A301-4E32-B254-8C4D93ED2E6C}.Debug|Any CPU.Deploy.0 = Debug|Any CPU
		{EF1518BA-A301-4E32-B254-8C4D93ED2E6C}.Debug|ARM.ActiveCfg = Debug|Any CPU
		{EF1518BA-A301-4E32-B254-8C4D93ED2E6C}.Debug|ARM.Build.0 = Debug|Any CPU
		{EF1518BA-A301-4E32-B254-8C4D93ED2E6C}.Debug|ARM.Deploy.0 = Debug|Any CPU
		{EF1518BA-A301-4E32-B254-8C4D93ED2E6C}.Debug|iPhone.ActiveCfg = Debug|Any CPU
		{EF1518BA-A301-4E32-B254-8C4D93ED2E6C}.Debug|iPhone.Build.0 = Debug|Any CPU
		{EF1518BA-A301-4E32-B254-8C4D93ED2E6C}.Debug|iPhone.Deploy.0 = Debug|Any CPU
		{EF1518BA-A301-4E32-B254-8C4D93ED2E6C}.Debug|iPhoneSimulator.ActiveCfg = Debug|Any CPU
		{EF1518BA-A301-4E32-B254-8C4D93ED2E6C}.Debug|iPhoneSimulator.Build.0 = Debug|Any CPU
		{EF1518BA-A301-4E32-B254-8C4D93ED2E6C}.Debug|iPhoneSimulator.Deploy.0 = Debug|Any CPU
		{EF1518BA-A301-4E32-B254-8C4D93ED2E6C}.Debug|x64.ActiveCfg = Debug|Any CPU
		{EF1518BA-A301-4E32-B254-8C4D93ED2E6C}.Debug|x64.Build.0 = Debug|Any CPU
		{EF1518BA-A301-4E32-B254-8C4D93ED2E6C}.Debug|x64.Deploy.0 = Debug|Any CPU
		{EF1518BA-A301-4E32-B254-8C4D93ED2E6C}.Debug|x86.ActiveCfg = Debug|Any CPU
		{EF1518BA-A301-4E32-B254-8C4D93ED2E6C}.Debug|x86.Build.0 = Debug|Any CPU
		{EF1518BA-A301-4E32-B254-8C4D93ED2E6C}.Debug|x86.Deploy.0 = Debug|Any CPU
		{EF1518BA-A301-4E32-B254-8C4D93ED2E6C}.Release|Any CPU.ActiveCfg = Release|Any CPU
		{EF1518BA-A301-4E32-B254-8C4D93ED2E6C}.Release|Any CPU.Build.0 = Release|Any CPU
		{EF1518BA-A301-4E32-B254-8C4D93ED2E6C}.Release|Any CPU.Deploy.0 = Release|Any CPU
		{EF1518BA-A301-4E32-B254-8C4D93ED2E6C}.Release|ARM.ActiveCfg = Release|Any CPU
		{EF1518BA-A301-4E32-B254-8C4D93ED2E6C}.Release|ARM.Build.0 = Release|Any CPU
		{EF1518BA-A301-4E32-B254-8C4D93ED2E6C}.Release|ARM.Deploy.0 = Release|Any CPU
		{EF1518BA-A301-4E32-B254-8C4D93ED2E6C}.Release|iPhone.ActiveCfg = Release|Any CPU
		{EF1518BA-A301-4E32-B254-8C4D93ED2E6C}.Release|iPhone.Build.0 = Release|Any CPU
		{EF1518BA-A301-4E32-B254-8C4D93ED2E6C}.Release|iPhone.Deploy.0 = Release|Any CPU
		{EF1518BA-A301-4E32-B254-8C4D93ED2E6C}.Release|iPhoneSimulator.ActiveCfg = Release|Any CPU
		{EF1518BA-A301-4E32-B254-8C4D93ED2E6C}.Release|iPhoneSimulator.Build.0 = Release|Any CPU
		{EF1518BA-A301-4E32-B254-8C4D93ED2E6C}.Release|iPhoneSimulator.Deploy.0 = Release|Any CPU
		{EF1518BA-A301-4E32-B254-8C4D93ED2E6C}.Release|x64.ActiveCfg = Release|Any CPU
		{EF1518BA-A301-4E32-B254-8C4D93ED2E6C}.Release|x64.Build.0 = Release|Any CPU
		{EF1518BA-A301-4E32-B254-8C4D93ED2E6C}.Release|x64.Deploy.0 = Release|Any CPU
		{EF1518BA-A301-4E32-B254-8C4D93ED2E6C}.Release|x86.ActiveCfg = Release|Any CPU
		{EF1518BA-A301-4E32-B254-8C4D93ED2E6C}.Release|x86.Build.0 = Release|Any CPU
		{EF1518BA-A301-4E32-B254-8C4D93ED2E6C}.Release|x86.Deploy.0 = Release|Any CPU
	EndGlobalSection
	GlobalSection(SolutionProperties) = preSolution
		HideSolutionNode = FALSE
	EndGlobalSection
	GlobalSection(ExtensibilityGlobals) = postSolution
		SolutionGuid = {53DE9696-55BB-4D6C-981E-07253730E683}
	EndGlobalSection
EndGlobal
