
Microsoft Visual Studio Solution File, Format Version 12.00
# Visual Studio 15
VisualStudioVersion = 15.0.28307.329
MinimumVisualStudioVersion = 10.0.40219.1
Project("{FAE04EC0-301F-11D3-BF4B-00C04F79EFBC}") = "LiveCoding2.Android", "LiveCoding2\LiveCoding2.Android\LiveCoding2.Android.csproj", "{611770E1-39AD-4350-8CBB-570C4439CF1F}"
EndProject
Project("{FAE04EC0-301F-11D3-BF4B-00C04F79EFBC}") = "LiveCoding2.UWP", "LiveCoding2\LiveCoding2.UWP\LiveCoding2.UWP.csproj", "{8B3362F2-2898-42DA-BB28-B8336302409A}"
EndProject
Project("{FAE04EC0-301F-11D3-BF4B-00C04F79EFBC}") = "LiveCoding2", "LiveCoding2\LiveCoding2\LiveCoding2.csproj", "{6791B788-7EC8-4CFC-88F0-904ACD44DB0F}"
EndProject
Global
	GlobalSection(SolutionConfigurationPlatforms) = preSolution
		Ad-Hoc|Any CPU = Ad-Hoc|Any CPU
		Ad-Hoc|ARM = Ad-Hoc|ARM
		Ad-Hoc|iPhone = Ad-Hoc|iPhone
		Ad-Hoc|iPhoneSimulator = Ad-Hoc|iPhoneSimulator
		Ad-Hoc|x64 = Ad-Hoc|x64
		Ad-Hoc|x86 = Ad-Hoc|x86
		AppStore|Any CPU = AppStore|Any CPU
		AppStore|ARM = AppStore|ARM
		AppStore|iPhone = AppStore|iPhone
		AppStore|iPhoneSimulator = AppStore|iPhoneSimulator
		AppStore|x64 = AppStore|x64
		AppStore|x86 = AppStore|x86
		Debug|Any CPU = Debug|Any CPU
		Debug|ARM = Debug|ARM
		Debug|iPhone = Debug|iPhone
		Debug|iPhoneSimulator = Debug|iPhoneSimulator
		Debug|x64 = Debug|x64
		Debug|x86 = Debug|x86
		Release|Any CPU = Release|Any CPU
		Release|ARM = Release|ARM
		Release|iPhone = Release|iPhone
		Release|iPhoneSimulator = Release|iPhoneSimulator
		Release|x64 = Release|x64
		Release|x86 = Release|x86
	EndGlobalSection
	GlobalSection(ProjectConfigurationPlatforms) = postSolution
		{611770E1-39AD-4350-8CBB-570C4439CF1F}.Ad-Hoc|Any CPU.ActiveCfg = Release|Any CPU
		{611770E1-39AD-4350-8CBB-570C4439CF1F}.Ad-Hoc|Any CPU.Build.0 = Release|Any CPU
		{611770E1-39AD-4350-8CBB-570C4439CF1F}.Ad-Hoc|Any CPU.Deploy.0 = Release|Any CPU
		{611770E1-39AD-4350-8CBB-570C4439CF1F}.Ad-Hoc|ARM.ActiveCfg = Release|Any CPU
		{611770E1-39AD-4350-8CBB-570C4439CF1F}.Ad-Hoc|ARM.Build.0 = Release|Any CPU
		{611770E1-39AD-4350-8CBB-570C4439CF1F}.Ad-Hoc|ARM.Deploy.0 = Release|Any CPU
		{611770E1-39AD-4350-8CBB-570C4439CF1F}.Ad-Hoc|iPhone.ActiveCfg = Release|Any CPU
		{611770E1-39AD-4350-8CBB-570C4439CF1F}.Ad-Hoc|iPhone.Build.0 = Release|Any CPU
		{611770E1-39AD-4350-8CBB-570C4439CF1F}.Ad-Hoc|iPhone.Deploy.0 = Release|Any CPU
		{611770E1-39AD-4350-8CBB-570C4439CF1F}.Ad-Hoc|iPhoneSimulator.ActiveCfg = Release|Any CPU
		{611770E1-39AD-4350-8CBB-570C4439CF1F}.Ad-Hoc|iPhoneSimulator.Build.0 = Release|Any CPU
		{611770E1-39AD-4350-8CBB-570C4439CF1F}.Ad-Hoc|iPhoneSimulator.Deploy.0 = Release|Any CPU
		{611770E1-39AD-4350-8CBB-570C4439CF1F}.Ad-Hoc|x64.ActiveCfg = Release|Any CPU
		{611770E1-39AD-4350-8CBB-570C4439CF1F}.Ad-Hoc|x64.Build.0 = Release|Any CPU
		{611770E1-39AD-4350-8CBB-570C4439CF1F}.Ad-Hoc|x64.Deploy.0 = Release|Any CPU
		{611770E1-39AD-4350-8CBB-570C4439CF1F}.Ad-Hoc|x86.ActiveCfg = Release|Any CPU
		{611770E1-39AD-4350-8CBB-570C4439CF1F}.Ad-Hoc|x86.Build.0 = Release|Any CPU
		{611770E1-39AD-4350-8CBB-570C4439CF1F}.Ad-Hoc|x86.Deploy.0 = Release|Any CPU
		{611770E1-39AD-4350-8CBB-570C4439CF1F}.AppStore|Any CPU.ActiveCfg = Release|Any CPU
		{611770E1-39AD-4350-8CBB-570C4439CF1F}.AppStore|Any CPU.Build.0 = Release|Any CPU
		{611770E1-39AD-4350-8CBB-570C4439CF1F}.AppStore|Any CPU.Deploy.0 = Release|Any CPU
		{611770E1-39AD-4350-8CBB-570C4439CF1F}.AppStore|ARM.ActiveCfg = Release|Any CPU
		{611770E1-39AD-4350-8CBB-570C4439CF1F}.AppStore|ARM.Build.0 = Release|Any CPU
		{611770E1-39AD-4350-8CBB-570C4439CF1F}.AppStore|ARM.Deploy.0 = Release|Any CPU
		{611770E1-39AD-4350-8CBB-570C4439CF1F}.AppStore|iPhone.ActiveCfg = Release|Any CPU
		{611770E1-39AD-4350-8CBB-570C4439CF1F}.AppStore|iPhone.Build.0 = Release|Any CPU
		{611770E1-39AD-4350-8CBB-570C4439CF1F}.AppStore|iPhone.Deploy.0 = Release|Any CPU
		{611770E1-39AD-4350-8CBB-570C4439CF1F}.AppStore|iPhoneSimulator.ActiveCfg = Release|Any CPU
		{611770E1-39AD-4350-8CBB-570C4439CF1F}.AppStore|iPhoneSimulator.Build.0 = Release|Any CPU
		{611770E1-39AD-4350-8CBB-570C4439CF1F}.AppStore|iPhoneSimulator.Deploy.0 = Release|Any CPU
		{611770E1-39AD-4350-8CBB-570C4439CF1F}.AppStore|x64.ActiveCfg = Release|Any CPU
		{611770E1-39AD-4350-8CBB-570C4439CF1F}.AppStore|x64.Build.0 = Release|Any CPU
		{611770E1-39AD-4350-8CBB-570C4439CF1F}.AppStore|x64.Deploy.0 = Release|Any CPU
		{611770E1-39AD-4350-8CBB-570C4439CF1F}.AppStore|x86.ActiveCfg = Release|Any CPU
		{611770E1-39AD-4350-8CBB-570C4439CF1F}.AppStore|x86.Build.0 = Release|Any CPU
		{611770E1-39AD-4350-8CBB-570C4439CF1F}.AppStore|x86.Deploy.0 = Release|Any CPU
		{611770E1-39AD-4350-8CBB-570C4439CF1F}.Debug|Any CPU.ActiveCfg = Debug|Any CPU
		{611770E1-39AD-4350-8CBB-570C4439CF1F}.Debug|Any CPU.Build.0 = Debug|Any CPU
		{611770E1-39AD-4350-8CBB-570C4439CF1F}.Debug|Any CPU.Deploy.0 = Debug|Any CPU
		{611770E1-39AD-4350-8CBB-570C4439CF1F}.Debug|ARM.ActiveCfg = Debug|Any CPU
		{611770E1-39AD-4350-8CBB-570C4439CF1F}.Debug|ARM.Build.0 = Debug|Any CPU
		{611770E1-39AD-4350-8CBB-570C4439CF1F}.Debug|ARM.Deploy.0 = Debug|Any CPU
		{611770E1-39AD-4350-8CBB-570C4439CF1F}.Debug|iPhone.ActiveCfg = Debug|Any CPU
		{611770E1-39AD-4350-8CBB-570C4439CF1F}.Debug|iPhone.Build.0 = Debug|Any CPU
		{611770E1-39AD-4350-8CBB-570C4439CF1F}.Debug|iPhone.Deploy.0 = Debug|Any CPU
		{611770E1-39AD-4350-8CBB-570C4439CF1F}.Debug|iPhoneSimulator.ActiveCfg = Debug|Any CPU
		{611770E1-39AD-4350-8CBB-570C4439CF1F}.Debug|iPhoneSimulator.Build.0 = Debug|Any CPU
		{611770E1-39AD-4350-8CBB-570C4439CF1F}.Debug|iPhoneSimulator.Deploy.0 = Debug|Any CPU
		{611770E1-39AD-4350-8CBB-570C4439CF1F}.Debug|x64.ActiveCfg = Debug|Any CPU
		{611770E1-39AD-4350-8CBB-570C4439CF1F}.Debug|x64.Build.0 = Debug|Any CPU
		{611770E1-39AD-4350-8CBB-570C4439CF1F}.Debug|x64.Deploy.0 = Debug|Any CPU
		{611770E1-39AD-4350-8CBB-570C4439CF1F}.Debug|x86.ActiveCfg = Debug|Any CPU
		{611770E1-39AD-4350-8CBB-570C4439CF1F}.Debug|x86.Build.0 = Debug|Any CPU
		{611770E1-39AD-4350-8CBB-570C4439CF1F}.Debug|x86.Deploy.0 = Debug|Any CPU
		{611770E1-39AD-4350-8CBB-570C4439CF1F}.Release|Any CPU.ActiveCfg = Release|Any CPU
		{611770E1-39AD-4350-8CBB-570C4439CF1F}.Release|Any CPU.Build.0 = Release|Any CPU
		{611770E1-39AD-4350-8CBB-570C4439CF1F}.Release|Any CPU.Deploy.0 = Release|Any CPU
		{611770E1-39AD-4350-8CBB-570C4439CF1F}.Release|ARM.ActiveCfg = Release|Any CPU
		{611770E1-39AD-4350-8CBB-570C4439CF1F}.Release|ARM.Build.0 = Release|Any CPU
		{611770E1-39AD-4350-8CBB-570C4439CF1F}.Release|ARM.Deploy.0 = Release|Any CPU
		{611770E1-39AD-4350-8CBB-570C4439CF1F}.Release|iPhone.ActiveCfg = Release|Any CPU
		{611770E1-39AD-4350-8CBB-570C4439CF1F}.Release|iPhone.Build.0 = Release|Any CPU
		{611770E1-39AD-4350-8CBB-570C4439CF1F}.Release|iPhone.Deploy.0 = Release|Any CPU
		{611770E1-39AD-4350-8CBB-570C4439CF1F}.Release|iPhoneSimulator.ActiveCfg = Release|Any CPU
		{611770E1-39AD-4350-8CBB-570C4439CF1F}.Release|iPhoneSimulator.Build.0 = Release|Any CPU
		{611770E1-39AD-4350-8CBB-570C4439CF1F}.Release|iPhoneSimulator.Deploy.0 = Release|Any CPU
		{611770E1-39AD-4350-8CBB-570C4439CF1F}.Release|x64.ActiveCfg = Release|Any CPU
		{611770E1-39AD-4350-8CBB-570C4439CF1F}.Release|x64.Build.0 = Release|Any CPU
		{611770E1-39AD-4350-8CBB-570C4439CF1F}.Release|x64.Deploy.0 = Release|Any CPU
		{611770E1-39AD-4350-8CBB-570C4439CF1F}.Release|x86.ActiveCfg = Release|Any CPU
		{611770E1-39AD-4350-8CBB-570C4439CF1F}.Release|x86.Build.0 = Release|Any CPU
		{611770E1-39AD-4350-8CBB-570C4439CF1F}.Release|x86.Deploy.0 = Release|Any CPU
		{8B3362F2-2898-42DA-BB28-B8336302409A}.Ad-Hoc|Any CPU.ActiveCfg = Release|x86
		{8B3362F2-2898-42DA-BB28-B8336302409A}.Ad-Hoc|Any CPU.Build.0 = Release|x86
		{8B3362F2-2898-42DA-BB28-B8336302409A}.Ad-Hoc|Any CPU.Deploy.0 = Release|x86
		{8B3362F2-2898-42DA-BB28-B8336302409A}.Ad-Hoc|ARM.ActiveCfg = Release|ARM
		{8B3362F2-2898-42DA-BB28-B8336302409A}.Ad-Hoc|ARM.Build.0 = Release|ARM
		{8B3362F2-2898-42DA-BB28-B8336302409A}.Ad-Hoc|ARM.Deploy.0 = Release|ARM
		{8B3362F2-2898-42DA-BB28-B8336302409A}.Ad-Hoc|iPhone.ActiveCfg = Release|x86
		{8B3362F2-2898-42DA-BB28-B8336302409A}.Ad-Hoc|iPhone.Build.0 = Release|x86
		{8B3362F2-2898-42DA-BB28-B8336302409A}.Ad-Hoc|iPhone.Deploy.0 = Release|x86
		{8B3362F2-2898-42DA-BB28-B8336302409A}.Ad-Hoc|iPhoneSimulator.ActiveCfg = Release|x86
		{8B3362F2-2898-42DA-BB28-B8336302409A}.Ad-Hoc|iPhoneSimulator.Build.0 = Release|x86
		{8B3362F2-2898-42DA-BB28-B8336302409A}.Ad-Hoc|iPhoneSimulator.Deploy.0 = Release|x86
		{8B3362F2-2898-42DA-BB28-B8336302409A}.Ad-Hoc|x64.ActiveCfg = Release|x64
		{8B3362F2-2898-42DA-BB28-B8336302409A}.Ad-Hoc|x64.Build.0 = Release|x64
		{8B3362F2-2898-42DA-BB28-B8336302409A}.Ad-Hoc|x64.Deploy.0 = Release|x64
		{8B3362F2-2898-42DA-BB28-B8336302409A}.Ad-Hoc|x86.ActiveCfg = Release|x86
		{8B3362F2-2898-42DA-BB28-B8336302409A}.Ad-Hoc|x86.Build.0 = Release|x86
		{8B3362F2-2898-42DA-BB28-B8336302409A}.Ad-Hoc|x86.Deploy.0 = Release|x86
		{8B3362F2-2898-42DA-BB28-B8336302409A}.AppStore|Any CPU.ActiveCfg = Release|x86
		{8B3362F2-2898-42DA-BB28-B8336302409A}.AppStore|Any CPU.Build.0 = Release|x86
		{8B3362F2-2898-42DA-BB28-B8336302409A}.AppStore|Any CPU.Deploy.0 = Release|x86
		{8B3362F2-2898-42DA-BB28-B8336302409A}.AppStore|ARM.ActiveCfg = Release|ARM
		{8B3362F2-2898-42DA-BB28-B8336302409A}.AppStore|ARM.Build.0 = Release|ARM
		{8B3362F2-2898-42DA-BB28-B8336302409A}.AppStore|ARM.Deploy.0 = Release|ARM
		{8B3362F2-2898-42DA-BB28-B8336302409A}.AppStore|iPhone.ActiveCfg = Release|x86
		{8B3362F2-2898-42DA-BB28-B8336302409A}.AppStore|iPhone.Build.0 = Release|x86
		{8B3362F2-2898-42DA-BB28-B8336302409A}.AppStore|iPhone.Deploy.0 = Release|x86
		{8B3362F2-2898-42DA-BB28-B8336302409A}.AppStore|iPhoneSimulator.ActiveCfg = Release|x86
		{8B3362F2-2898-42DA-BB28-B8336302409A}.AppStore|iPhoneSimulator.Build.0 = Release|x86
		{8B3362F2-2898-42DA-BB28-B8336302409A}.AppStore|iPhoneSimulator.Deploy.0 = Release|x86
		{8B3362F2-2898-42DA-BB28-B8336302409A}.AppStore|x64.ActiveCfg = Release|x64
		{8B3362F2-2898-42DA-BB28-B8336302409A}.AppStore|x64.Build.0 = Release|x64
		{8B3362F2-2898-42DA-BB28-B8336302409A}.AppStore|x64.Deploy.0 = Release|x64
		{8B3362F2-2898-42DA-BB28-B8336302409A}.AppStore|x86.ActiveCfg = Release|x86
		{8B3362F2-2898-42DA-BB28-B8336302409A}.AppStore|x86.Build.0 = Release|x86
		{8B3362F2-2898-42DA-BB28-B8336302409A}.AppStore|x86.Deploy.0 = Release|x86
		{8B3362F2-2898-42DA-BB28-B8336302409A}.Debug|Any CPU.ActiveCfg = Debug|x86
		{8B3362F2-2898-42DA-BB28-B8336302409A}.Debug|Any CPU.Build.0 = Debug|x86
		{8B3362F2-2898-42DA-BB28-B8336302409A}.Debug|Any CPU.Deploy.0 = Debug|x86
		{8B3362F2-2898-42DA-BB28-B8336302409A}.Debug|ARM.ActiveCfg = Debug|ARM
		{8B3362F2-2898-42DA-BB28-B8336302409A}.Debug|ARM.Build.0 = Debug|ARM
		{8B3362F2-2898-42DA-BB28-B8336302409A}.Debug|ARM.Deploy.0 = Debug|ARM
		{8B3362F2-2898-42DA-BB28-B8336302409A}.Debug|iPhone.ActiveCfg = Debug|x86
		{8B3362F2-2898-42DA-BB28-B8336302409A}.Debug|iPhone.Build.0 = Debug|x86
		{8B3362F2-2898-42DA-BB28-B8336302409A}.Debug|iPhone.Deploy.0 = Debug|x86
		{8B3362F2-2898-42DA-BB28-B8336302409A}.Debug|iPhoneSimulator.ActiveCfg = Debug|x86
		{8B3362F2-2898-42DA-BB28-B8336302409A}.Debug|iPhoneSimulator.Build.0 = Debug|x86
		{8B3362F2-2898-42DA-BB28-B8336302409A}.Debug|iPhoneSimulator.Deploy.0 = Debug|x86
		{8B3362F2-2898-42DA-BB28-B8336302409A}.Debug|x64.ActiveCfg = Debug|x64
		{8B3362F2-2898-42DA-BB28-B8336302409A}.Debug|x64.Build.0 = Debug|x64
		{8B3362F2-2898-42DA-BB28-B8336302409A}.Debug|x64.Deploy.0 = Debug|x64
		{8B3362F2-2898-42DA-BB28-B8336302409A}.Debug|x86.ActiveCfg = Debug|x86
		{8B3362F2-2898-42DA-BB28-B8336302409A}.Debug|x86.Build.0 = Debug|x86
		{8B3362F2-2898-42DA-BB28-B8336302409A}.Debug|x86.Deploy.0 = Debug|x86
		{8B3362F2-2898-42DA-BB28-B8336302409A}.Release|Any CPU.ActiveCfg = Release|x86
		{8B3362F2-2898-42DA-BB28-B8336302409A}.Release|Any CPU.Build.0 = Release|x86
		{8B3362F2-2898-42DA-BB28-B8336302409A}.Release|Any CPU.Deploy.0 = Release|x86
		{8B3362F2-2898-42DA-BB28-B8336302409A}.Release|ARM.ActiveCfg = Release|ARM
		{8B3362F2-2898-42DA-BB28-B8336302409A}.Release|ARM.Build.0 = Release|ARM
		{8B3362F2-2898-42DA-BB28-B8336302409A}.Release|ARM.Deploy.0 = Release|ARM
		{8B3362F2-2898-42DA-BB28-B8336302409A}.Release|iPhone.ActiveCfg = Release|x86
		{8B3362F2-2898-42DA-BB28-B8336302409A}.Release|iPhone.Build.0 = Release|x86
		{8B3362F2-2898-42DA-BB28-B8336302409A}.Release|iPhone.Deploy.0 = Release|x86
		{8B3362F2-2898-42DA-BB28-B8336302409A}.Release|iPhoneSimulator.ActiveCfg = Release|x86
		{8B3362F2-2898-42DA-BB28-B8336302409A}.Release|iPhoneSimulator.Build.0 = Release|x86
		{8B3362F2-2898-42DA-BB28-B8336302409A}.Release|iPhoneSimulator.Deploy.0 = Release|x86
		{8B3362F2-2898-42DA-BB28-B8336302409A}.Release|x64.ActiveCfg = Release|x64
		{8B3362F2-2898-42DA-BB28-B8336302409A}.Release|x64.Build.0 = Release|x64
		{8B3362F2-2898-42DA-BB28-B8336302409A}.Release|x64.Deploy.0 = Release|x64
		{8B3362F2-2898-42DA-BB28-B8336302409A}.Release|x86.ActiveCfg = Release|x86
		{8B3362F2-2898-42DA-BB28-B8336302409A}.Release|x86.Build.0 = Release|x86
		{8B3362F2-2898-42DA-BB28-B8336302409A}.Release|x86.Deploy.0 = Release|x86
		{6791B788-7EC8-4CFC-88F0-904ACD44DB0F}.Ad-Hoc|Any CPU.ActiveCfg = Debug|Any CPU
		{6791B788-7EC8-4CFC-88F0-904ACD44DB0F}.Ad-Hoc|Any CPU.Build.0 = Debug|Any CPU
		{6791B788-7EC8-4CFC-88F0-904ACD44DB0F}.Ad-Hoc|Any CPU.Deploy.0 = Debug|Any CPU
		{6791B788-7EC8-4CFC-88F0-904ACD44DB0F}.Ad-Hoc|ARM.ActiveCfg = Debug|Any CPU
		{6791B788-7EC8-4CFC-88F0-904ACD44DB0F}.Ad-Hoc|ARM.Build.0 = Debug|Any CPU
		{6791B788-7EC8-4CFC-88F0-904ACD44DB0F}.Ad-Hoc|ARM.Deploy.0 = Debug|Any CPU
		{6791B788-7EC8-4CFC-88F0-904ACD44DB0F}.Ad-Hoc|iPhone.ActiveCfg = Debug|Any CPU
		{6791B788-7EC8-4CFC-88F0-904ACD44DB0F}.Ad-Hoc|iPhone.Build.0 = Debug|Any CPU
		{6791B788-7EC8-4CFC-88F0-904ACD44DB0F}.Ad-Hoc|iPhone.Deploy.0 = Debug|Any CPU
		{6791B788-7EC8-4CFC-88F0-904ACD44DB0F}.Ad-Hoc|iPhoneSimulator.ActiveCfg = Debug|Any CPU
		{6791B788-7EC8-4CFC-88F0-904ACD44DB0F}.Ad-Hoc|iPhoneSimulator.Build.0 = Debug|Any CPU
		{6791B788-7EC8-4CFC-88F0-904ACD44DB0F}.Ad-Hoc|iPhoneSimulator.Deploy.0 = Debug|Any CPU
		{6791B788-7EC8-4CFC-88F0-904ACD44DB0F}.Ad-Hoc|x64.ActiveCfg = Debug|Any CPU
		{6791B788-7EC8-4CFC-88F0-904ACD44DB0F}.Ad-Hoc|x64.Build.0 = Debug|Any CPU
		{6791B788-7EC8-4CFC-88F0-904ACD44DB0F}.Ad-Hoc|x64.Deploy.0 = Debug|Any CPU
		{6791B788-7EC8-4CFC-88F0-904ACD44DB0F}.Ad-Hoc|x86.ActiveCfg = Debug|Any CPU
		{6791B788-7EC8-4CFC-88F0-904ACD44DB0F}.Ad-Hoc|x86.Build.0 = Debug|Any CPU
		{6791B788-7EC8-4CFC-88F0-904ACD44DB0F}.Ad-Hoc|x86.Deploy.0 = Debug|Any CPU
		{6791B788-7EC8-4CFC-88F0-904ACD44DB0F}.AppStore|Any CPU.ActiveCfg = Debug|Any CPU
		{6791B788-7EC8-4CFC-88F0-904ACD44DB0F}.AppStore|Any CPU.Build.0 = Debug|Any CPU
		{6791B788-7EC8-4CFC-88F0-904ACD44DB0F}.AppStore|Any CPU.Deploy.0 = Debug|Any CPU
		{6791B788-7EC8-4CFC-88F0-904ACD44DB0F}.AppStore|ARM.ActiveCfg = Debug|Any CPU
		{6791B788-7EC8-4CFC-88F0-904ACD44DB0F}.AppStore|ARM.Build.0 = Debug|Any CPU
		{6791B788-7EC8-4CFC-88F0-904ACD44DB0F}.AppStore|ARM.Deploy.0 = Debug|Any CPU
		{6791B788-7EC8-4CFC-88F0-904ACD44DB0F}.AppStore|iPhone.ActiveCfg = Debug|Any CPU
		{6791B788-7EC8-4CFC-88F0-904ACD44DB0F}.AppStore|iPhone.Build.0 = Debug|Any CPU
		{6791B788-7EC8-4CFC-88F0-904ACD44DB0F}.AppStore|iPhone.Deploy.0 = Debug|Any CPU
		{6791B788-7EC8-4CFC-88F0-904ACD44DB0F}.AppStore|iPhoneSimulator.ActiveCfg = Debug|Any CPU
		{6791B788-7EC8-4CFC-88F0-904ACD44DB0F}.AppStore|iPhoneSimulator.Build.0 = Debug|Any CPU
		{6791B788-7EC8-4CFC-88F0-904ACD44DB0F}.AppStore|iPhoneSimulator.Deploy.0 = Debug|Any CPU
		{6791B788-7EC8-4CFC-88F0-904ACD44DB0F}.AppStore|x64.ActiveCfg = Debug|Any CPU
		{6791B788-7EC8-4CFC-88F0-904ACD44DB0F}.AppStore|x64.Build.0 = Debug|Any CPU
		{6791B788-7EC8-4CFC-88F0-904ACD44DB0F}.AppStore|x64.Deploy.0 = Debug|Any CPU
		{6791B788-7EC8-4CFC-88F0-904ACD44DB0F}.AppStore|x86.ActiveCfg = Debug|Any CPU
		{6791B788-7EC8-4CFC-88F0-904ACD44DB0F}.AppStore|x86.Build.0 = Debug|Any CPU
		{6791B788-7EC8-4CFC-88F0-904ACD44DB0F}.AppStore|x86.Deploy.0 = Debug|Any CPU
		{6791B788-7EC8-4CFC-88F0-904ACD44DB0F}.Debug|Any CPU.ActiveCfg = Debug|Any CPU
		{6791B788-7EC8-4CFC-88F0-904ACD44DB0F}.Debug|Any CPU.Build.0 = Debug|Any CPU
		{6791B788-7EC8-4CFC-88F0-904ACD44DB0F}.Debug|Any CPU.Deploy.0 = Debug|Any CPU
		{6791B788-7EC8-4CFC-88F0-904ACD44DB0F}.Debug|ARM.ActiveCfg = Debug|Any CPU
		{6791B788-7EC8-4CFC-88F0-904ACD44DB0F}.Debug|ARM.Build.0 = Debug|Any CPU
		{6791B788-7EC8-4CFC-88F0-904ACD44DB0F}.Debug|ARM.Deploy.0 = Debug|Any CPU
		{6791B788-7EC8-4CFC-88F0-904ACD44DB0F}.Debug|iPhone.ActiveCfg = Debug|Any CPU
		{6791B788-7EC8-4CFC-88F0-904ACD44DB0F}.Debug|iPhone.Build.0 = Debug|Any CPU
		{6791B788-7EC8-4CFC-88F0-904ACD44DB0F}.Debug|iPhone.Deploy.0 = Debug|Any CPU
		{6791B788-7EC8-4CFC-88F0-904ACD44DB0F}.Debug|iPhoneSimulator.ActiveCfg = Debug|Any CPU
		{6791B788-7EC8-4CFC-88F0-904ACD44DB0F}.Debug|iPhoneSimulator.Build.0 = Debug|Any CPU
		{6791B788-7EC8-4CFC-88F0-904ACD44DB0F}.Debug|iPhoneSimulator.Deploy.0 = Debug|Any CPU
		{6791B788-7EC8-4CFC-88F0-904ACD44DB0F}.Debug|x64.ActiveCfg = Debug|Any CPU
		{6791B788-7EC8-4CFC-88F0-904ACD44DB0F}.Debug|x64.Build.0 = Debug|Any CPU
		{6791B788-7EC8-4CFC-88F0-904ACD44DB0F}.Debug|x64.Deploy.0 = Debug|Any CPU
		{6791B788-7EC8-4CFC-88F0-904ACD44DB0F}.Debug|x86.ActiveCfg = Debug|Any CPU
		{6791B788-7EC8-4CFC-88F0-904ACD44DB0F}.Debug|x86.Build.0 = Debug|Any CPU
		{6791B788-7EC8-4CFC-88F0-904ACD44DB0F}.Debug|x86.Deploy.0 = Debug|Any CPU
		{6791B788-7EC8-4CFC-88F0-904ACD44DB0F}.Release|Any CPU.ActiveCfg = Release|Any CPU
		{6791B788-7EC8-4CFC-88F0-904ACD44DB0F}.Release|Any CPU.Build.0 = Release|Any CPU
		{6791B788-7EC8-4CFC-88F0-904ACD44DB0F}.Release|Any CPU.Deploy.0 = Release|Any CPU
		{6791B788-7EC8-4CFC-88F0-904ACD44DB0F}.Release|ARM.ActiveCfg = Release|Any CPU
		{6791B788-7EC8-4CFC-88F0-904ACD44DB0F}.Release|ARM.Build.0 = Release|Any CPU
		{6791B788-7EC8-4CFC-88F0-904ACD44DB0F}.Release|ARM.Deploy.0 = Release|Any CPU
		{6791B788-7EC8-4CFC-88F0-904ACD44DB0F}.Release|iPhone.ActiveCfg = Release|Any CPU
		{6791B788-7EC8-4CFC-88F0-904ACD44DB0F}.Release|iPhone.Build.0 = Release|Any CPU
		{6791B788-7EC8-4CFC-88F0-904ACD44DB0F}.Release|iPhone.Deploy.0 = Release|Any CPU
		{6791B788-7EC8-4CFC-88F0-904ACD44DB0F}.Release|iPhoneSimulator.ActiveCfg = Release|Any CPU
		{6791B788-7EC8-4CFC-88F0-904ACD44DB0F}.Release|iPhoneSimulator.Build.0 = Release|Any CPU
		{6791B788-7EC8-4CFC-88F0-904ACD44DB0F}.Release|iPhoneSimulator.Deploy.0 = Release|Any CPU
		{6791B788-7EC8-4CFC-88F0-904ACD44DB0F}.Release|x64.ActiveCfg = Release|Any CPU
		{6791B788-7EC8-4CFC-88F0-904ACD44DB0F}.Release|x64.Build.0 = Release|Any CPU
		{6791B788-7EC8-4CFC-88F0-904ACD44DB0F}.Release|x64.Deploy.0 = Release|Any CPU
		{6791B788-7EC8-4CFC-88F0-904ACD44DB0F}.Release|x86.ActiveCfg = Release|Any CPU
		{6791B788-7EC8-4CFC-88F0-904ACD44DB0F}.Release|x86.Build.0 = Release|Any CPU
		{6791B788-7EC8-4CFC-88F0-904ACD44DB0F}.Release|x86.Deploy.0 = Release|Any CPU
	EndGlobalSection
	GlobalSection(SolutionProperties) = preSolution
		HideSolutionNode = FALSE
	EndGlobalSection
	GlobalSection(ExtensibilityGlobals) = postSolution
		SolutionGuid = {A7FA9561-E835-4E30-84B5-859D563158F4}
	EndGlobalSection
EndGlobal
