
Microsoft Visual Studio Solution File, Format Version 12.00
Project("{FAE04EC0-301F-11D3-BF4B-00C04F79EFBC}") = "WinterIsComing", "WinterIsComing\WinterIsComing\WinterIsComing.csproj", "{5F5C11E9-0179-4876-B278-86B0385FC291}"
EndProject
Project("{FAE04EC0-301F-11D3-BF4B-00C04F79EFBC}") = "WinterIsComing.Android", "WinterIsComing\WinterIsComing.Android\WinterIsComing.Android.csproj", "{8F15BB6C-1E2A-4A65-931E-2835DF92FAC2}"
EndProject
Project("{FAE04EC0-301F-11D3-BF4B-00C04F79EFBC}") = "WinterIsComing.iOS", "WinterIsComing\WinterIsComing.iOS\WinterIsComing.iOS.csproj", "{0911AF1E-68DD-40BA-8466-55E63B263F0E}"
EndProject
Global
	GlobalSection(SolutionConfigurationPlatforms) = preSolution
		Ad-Hoc|iPhone = Ad-Hoc|iPhone
		AppStore|iPhone = AppStore|iPhone
		Debug|Any CPU = Debug|Any CPU
		Debug|iPhone = Debug|iPhone
		Debug|iPhoneSimulator = Debug|iPhoneSimulator
		Release|Any CPU = Release|Any CPU
		Release|iPhone = Release|iPhone
		Release|iPhoneSimulator = Release|iPhoneSimulator
	EndGlobalSection
	GlobalSection(ProjectConfigurationPlatforms) = postSolution
		{5F5C11E9-0179-4876-B278-86B0385FC291}.Ad-Hoc|iPhone.ActiveCfg = Debug|Any CPU
		{5F5C11E9-0179-4876-B278-86B0385FC291}.Ad-Hoc|iPhone.Build.0 = Debug|Any CPU
		{5F5C11E9-0179-4876-B278-86B0385FC291}.AppStore|iPhone.ActiveCfg = Debug|Any CPU
		{5F5C11E9-0179-4876-B278-86B0385FC291}.AppStore|iPhone.Build.0 = Debug|Any CPU
		{5F5C11E9-0179-4876-B278-86B0385FC291}.Debug|Any CPU.ActiveCfg = Debug|Any CPU
		{5F5C11E9-0179-4876-B278-86B0385FC291}.Debug|Any CPU.Build.0 = Debug|Any CPU
		{5F5C11E9-0179-4876-B278-86B0385FC291}.Debug|iPhone.ActiveCfg = Debug|Any CPU
		{5F5C11E9-0179-4876-B278-86B0385FC291}.Debug|iPhone.Build.0 = Debug|Any CPU
		{5F5C11E9-0179-4876-B278-86B0385FC291}.Debug|iPhoneSimulator.ActiveCfg = Debug|Any CPU
		{5F5C11E9-0179-4876-B278-86B0385FC291}.Debug|iPhoneSimulator.Build.0 = Debug|Any CPU
		{5F5C11E9-0179-4876-B278-86B0385FC291}.Release|Any CPU.ActiveCfg = Release|Any CPU
		{5F5C11E9-0179-4876-B278-86B0385FC291}.Release|Any CPU.Build.0 = Release|Any CPU
		{5F5C11E9-0179-4876-B278-86B0385FC291}.Release|iPhone.ActiveCfg = Release|Any CPU
		{5F5C11E9-0179-4876-B278-86B0385FC291}.Release|iPhone.Build.0 = Release|Any CPU
		{5F5C11E9-0179-4876-B278-86B0385FC291}.Release|iPhoneSimulator.ActiveCfg = Release|Any CPU
		{5F5C11E9-0179-4876-B278-86B0385FC291}.Release|iPhoneSimulator.Build.0 = Release|Any CPU
		{8F15BB6C-1E2A-4A65-931E-2835DF92FAC2}.Ad-Hoc|iPhone.ActiveCfg = Debug|Any CPU
		{8F15BB6C-1E2A-4A65-931E-2835DF92FAC2}.Ad-Hoc|iPhone.Build.0 = Debug|Any CPU
		{8F15BB6C-1E2A-4A65-931E-2835DF92FAC2}.Ad-Hoc|iPhone.Deploy.0 = Debug|Any CPU
		{8F15BB6C-1E2A-4A65-931E-2835DF92FAC2}.AppStore|iPhone.ActiveCfg = Debug|Any CPU
		{8F15BB6C-1E2A-4A65-931E-2835DF92FAC2}.AppStore|iPhone.Build.0 = Debug|Any CPU
		{8F15BB6C-1E2A-4A65-931E-2835DF92FAC2}.AppStore|iPhone.Deploy.0 = Debug|Any CPU
		{8F15BB6C-1E2A-4A65-931E-2835DF92FAC2}.Debug|Any CPU.ActiveCfg = Debug|Any CPU
		{8F15BB6C-1E2A-4A65-931E-2835DF92FAC2}.Debug|Any CPU.Build.0 = Debug|Any CPU
		{8F15BB6C-1E2A-4A65-931E-2835DF92FAC2}.Debug|Any CPU.Deploy.0 = Debug|Any CPU
		{8F15BB6C-1E2A-4A65-931E-2835DF92FAC2}.Debug|iPhone.ActiveCfg = Debug|Any CPU
		{8F15BB6C-1E2A-4A65-931E-2835DF92FAC2}.Debug|iPhone.Build.0 = Debug|Any CPU
		{8F15BB6C-1E2A-4A65-931E-2835DF92FAC2}.Debug|iPhone.Deploy.0 = Debug|Any CPU
		{8F15BB6C-1E2A-4A65-931E-2835DF92FAC2}.Debug|iPhoneSimulator.ActiveCfg = Debug|Any CPU
		{8F15BB6C-1E2A-4A65-931E-2835DF92FAC2}.Debug|iPhoneSimulator.Build.0 = Debug|Any CPU
		{8F15BB6C-1E2A-4A65-931E-2835DF92FAC2}.Debug|iPhoneSimulator.Deploy.0 = Debug|Any CPU
		{8F15BB6C-1E2A-4A65-931E-2835DF92FAC2}.Release|Any CPU.ActiveCfg = Release|Any CPU
		{8F15BB6C-1E2A-4A65-931E-2835DF92FAC2}.Release|Any CPU.Build.0 = Release|Any CPU
		{8F15BB6C-1E2A-4A65-931E-2835DF92FAC2}.Release|Any CPU.Deploy.0 = Release|Any CPU
		{8F15BB6C-1E2A-4A65-931E-2835DF92FAC2}.Release|iPhone.ActiveCfg = Release|Any CPU
		{8F15BB6C-1E2A-4A65-931E-2835DF92FAC2}.Release|iPhone.Build.0 = Release|Any CPU
		{8F15BB6C-1E2A-4A65-931E-2835DF92FAC2}.Release|iPhone.Deploy.0 = Release|Any CPU
		{8F15BB6C-1E2A-4A65-931E-2835DF92FAC2}.Release|iPhoneSimulator.ActiveCfg = Release|Any CPU
		{8F15BB6C-1E2A-4A65-931E-2835DF92FAC2}.Release|iPhoneSimulator.Build.0 = Release|Any CPU
		{8F15BB6C-1E2A-4A65-931E-2835DF92FAC2}.Release|iPhoneSimulator.Deploy.0 = Release|Any CPU
		{0911AF1E-68DD-40BA-8466-55E63B263F0E}.Ad-Hoc|iPhone.ActiveCfg = Ad-Hoc|iPhone
		{0911AF1E-68DD-40BA-8466-55E63B263F0E}.Ad-Hoc|iPhone.Build.0 = Ad-Hoc|iPhone
		{0911AF1E-68DD-40BA-8466-55E63B263F0E}.Ad-Hoc|iPhone.Deploy.0 = Ad-Hoc|iPhone
		{0911AF1E-68DD-40BA-8466-55E63B263F0E}.AppStore|iPhone.ActiveCfg = AppStore|iPhone
		{0911AF1E-68DD-40BA-8466-55E63B263F0E}.AppStore|iPhone.Build.0 = AppStore|iPhone
		{0911AF1E-68DD-40BA-8466-55E63B263F0E}.AppStore|iPhone.Deploy.0 = AppStore|iPhone
		{0911AF1E-68DD-40BA-8466-55E63B263F0E}.Debug|Any CPU.ActiveCfg = Debug|iPhoneSimulator
		{0911AF1E-68DD-40BA-8466-55E63B263F0E}.Debug|Any CPU.Build.0 = Debug|iPhoneSimulator
		{0911AF1E-68DD-40BA-8466-55E63B263F0E}.Debug|Any CPU.Deploy.0 = Debug|iPhoneSimulator
		{0911AF1E-68DD-40BA-8466-55E63B263F0E}.Debug|iPhone.ActiveCfg = Debug|iPhone
		{0911AF1E-68DD-40BA-8466-55E63B263F0E}.Debug|iPhone.Build.0 = Debug|iPhone
		{0911AF1E-68DD-40BA-8466-55E63B263F0E}.Debug|iPhone.Deploy.0 = Debug|iPhone
		{0911AF1E-68DD-40BA-8466-55E63B263F0E}.Debug|iPhoneSimulator.ActiveCfg = Debug|iPhoneSimulator
		{0911AF1E-68DD-40BA-8466-55E63B263F0E}.Debug|iPhoneSimulator.Build.0 = Debug|iPhoneSimulator
		{0911AF1E-68DD-40BA-8466-55E63B263F0E}.Debug|iPhoneSimulator.Deploy.0 = Debug|iPhoneSimulator
		{0911AF1E-68DD-40BA-8466-55E63B263F0E}.Release|Any CPU.ActiveCfg = Release|iPhoneSimulator
		{0911AF1E-68DD-40BA-8466-55E63B263F0E}.Release|Any CPU.Build.0 = Release|iPhoneSimulator
		{0911AF1E-68DD-40BA-8466-55E63B263F0E}.Release|Any CPU.Deploy.0 = Release|iPhoneSimulator
		{0911AF1E-68DD-40BA-8466-55E63B263F0E}.Release|iPhone.ActiveCfg = Release|iPhone
		{0911AF1E-68DD-40BA-8466-55E63B263F0E}.Release|iPhone.Build.0 = Release|iPhone
		{0911AF1E-68DD-40BA-8466-55E63B263F0E}.Release|iPhone.Deploy.0 = Release|iPhone
		{0911AF1E-68DD-40BA-8466-55E63B263F0E}.Release|iPhoneSimulator.ActiveCfg = Release|iPhoneSimulator
		{0911AF1E-68DD-40BA-8466-55E63B263F0E}.Release|iPhoneSimulator.Build.0 = Release|iPhoneSimulator
		{0911AF1E-68DD-40BA-8466-55E63B263F0E}.Release|iPhoneSimulator.Deploy.0 = Release|iPhoneSimulator
	EndGlobalSection
EndGlobal
