
Microsoft Visual Studio Solution File, Format Version 12.00
# Visual Studio Version 16
VisualStudioVersion = 16.0.30717.126
MinimumVisualStudioVersion = 10.0.40219.1
Project("{FAE04EC0-301F-11D3-BF4B-00C04F79EFBC}") = "Seasons.Android", "Seasons\Seasons.Android\Seasons.Android.csproj", "{6E068076-9EAF-47F3-9FD8-6A04F27309FD}"
EndProject
Project("{FAE04EC0-301F-11D3-BF4B-00C04F79EFBC}") = "Seasons.iOS", "Seasons\Seasons.iOS\Seasons.iOS.csproj", "{5E40EDFF-34C1-495D-90D9-446AE0E88F40}"
EndProject
Project("{FAE04EC0-301F-11D3-BF4B-00C04F79EFBC}") = "Seasons", "Seasons\Seasons\Seasons.csproj", "{7A834CAE-938E-4429-BC8C-A755B6FD8175}"
EndProject
Global
	GlobalSection(SolutionConfigurationPlatforms) = preSolution
		Debug|Any CPU = Debug|Any CPU
		Debug|iPhone = Debug|iPhone
		Debug|iPhoneSimulator = Debug|iPhoneSimulator
		Release|Any CPU = Release|Any CPU
		Release|iPhone = Release|iPhone
		Release|iPhoneSimulator = Release|iPhoneSimulator
	EndGlobalSection
	GlobalSection(ProjectConfigurationPlatforms) = postSolution
		{6E068076-9EAF-47F3-9FD8-6A04F27309FD}.Debug|Any CPU.ActiveCfg = Debug|Any CPU
		{6E068076-9EAF-47F3-9FD8-6A04F27309FD}.Debug|Any CPU.Build.0 = Debug|Any CPU
		{6E068076-9EAF-47F3-9FD8-6A04F27309FD}.Debug|Any CPU.Deploy.0 = Debug|Any CPU
		{6E068076-9EAF-47F3-9FD8-6A04F27309FD}.Debug|iPhone.ActiveCfg = Debug|Any CPU
		{6E068076-9EAF-47F3-9FD8-6A04F27309FD}.Debug|iPhone.Build.0 = Debug|Any CPU
		{6E068076-9EAF-47F3-9FD8-6A04F27309FD}.Debug|iPhone.Deploy.0 = Debug|Any CPU
		{6E068076-9EAF-47F3-9FD8-6A04F27309FD}.Debug|iPhoneSimulator.ActiveCfg = Debug|Any CPU
		{6E068076-9EAF-47F3-9FD8-6A04F27309FD}.Debug|iPhoneSimulator.Build.0 = Debug|Any CPU
		{6E068076-9EAF-47F3-9FD8-6A04F27309FD}.Debug|iPhoneSimulator.Deploy.0 = Debug|Any CPU
		{6E068076-9EAF-47F3-9FD8-6A04F27309FD}.Release|Any CPU.ActiveCfg = Release|Any CPU
		{6E068076-9EAF-47F3-9FD8-6A04F27309FD}.Release|Any CPU.Build.0 = Release|Any CPU
		{6E068076-9EAF-47F3-9FD8-6A04F27309FD}.Release|Any CPU.Deploy.0 = Release|Any CPU
		{6E068076-9EAF-47F3-9FD8-6A04F27309FD}.Release|iPhone.ActiveCfg = Release|Any CPU
		{6E068076-9EAF-47F3-9FD8-6A04F27309FD}.Release|iPhone.Build.0 = Release|Any CPU
		{6E068076-9EAF-47F3-9FD8-6A04F27309FD}.Release|iPhone.Deploy.0 = Release|Any CPU
		{6E068076-9EAF-47F3-9FD8-6A04F27309FD}.Release|iPhoneSimulator.ActiveCfg = Release|Any CPU
		{6E068076-9EAF-47F3-9FD8-6A04F27309FD}.Release|iPhoneSimulator.Build.0 = Release|Any CPU
		{6E068076-9EAF-47F3-9FD8-6A04F27309FD}.Release|iPhoneSimulator.Deploy.0 = Release|Any CPU
		{5E40EDFF-34C1-495D-90D9-446AE0E88F40}.Debug|Any CPU.ActiveCfg = Debug|iPhone
		{5E40EDFF-34C1-495D-90D9-446AE0E88F40}.Debug|Any CPU.Build.0 = Debug|iPhone
		{5E40EDFF-34C1-495D-90D9-446AE0E88F40}.Debug|Any CPU.Deploy.0 = Debug|iPhone
		{5E40EDFF-34C1-495D-90D9-446AE0E88F40}.Debug|iPhone.ActiveCfg = Debug|iPhone
		{5E40EDFF-34C1-495D-90D9-446AE0E88F40}.Debug|iPhone.Build.0 = Debug|iPhone
		{5E40EDFF-34C1-495D-90D9-446AE0E88F40}.Debug|iPhone.Deploy.0 = Debug|iPhone
		{5E40EDFF-34C1-495D-90D9-446AE0E88F40}.Debug|iPhoneSimulator.ActiveCfg = Debug|iPhoneSimulator
		{5E40EDFF-34C1-495D-90D9-446AE0E88F40}.Debug|iPhoneSimulator.Build.0 = Debug|iPhoneSimulator
		{5E40EDFF-34C1-495D-90D9-446AE0E88F40}.Debug|iPhoneSimulator.Deploy.0 = Debug|iPhoneSimulator
		{5E40EDFF-34C1-495D-90D9-446AE0E88F40}.Release|Any CPU.ActiveCfg = Release|iPhoneSimulator
		{5E40EDFF-34C1-495D-90D9-446AE0E88F40}.Release|Any CPU.Build.0 = Release|iPhoneSimulator
		{5E40EDFF-34C1-495D-90D9-446AE0E88F40}.Release|Any CPU.Deploy.0 = Release|iPhoneSimulator
		{5E40EDFF-34C1-495D-90D9-446AE0E88F40}.Release|iPhone.ActiveCfg = Release|iPhone
		{5E40EDFF-34C1-495D-90D9-446AE0E88F40}.Release|iPhone.Build.0 = Release|iPhone
		{5E40EDFF-34C1-495D-90D9-446AE0E88F40}.Release|iPhone.Deploy.0 = Release|iPhone
		{5E40EDFF-34C1-495D-90D9-446AE0E88F40}.Release|iPhoneSimulator.ActiveCfg = Release|iPhoneSimulator
		{5E40EDFF-34C1-495D-90D9-446AE0E88F40}.Release|iPhoneSimulator.Build.0 = Release|iPhoneSimulator
		{5E40EDFF-34C1-495D-90D9-446AE0E88F40}.Release|iPhoneSimulator.Deploy.0 = Release|iPhoneSimulator
		{7A834CAE-938E-4429-BC8C-A755B6FD8175}.Debug|Any CPU.ActiveCfg = Debug|Any CPU
		{7A834CAE-938E-4429-BC8C-A755B6FD8175}.Debug|Any CPU.Build.0 = Debug|Any CPU
		{7A834CAE-938E-4429-BC8C-A755B6FD8175}.Debug|Any CPU.Deploy.0 = Debug|Any CPU
		{7A834CAE-938E-4429-BC8C-A755B6FD8175}.Debug|iPhone.ActiveCfg = Debug|Any CPU
		{7A834CAE-938E-4429-BC8C-A755B6FD8175}.Debug|iPhone.Build.0 = Debug|Any CPU
		{7A834CAE-938E-4429-BC8C-A755B6FD8175}.Debug|iPhone.Deploy.0 = Debug|Any CPU
		{7A834CAE-938E-4429-BC8C-A755B6FD8175}.Debug|iPhoneSimulator.ActiveCfg = Debug|Any CPU
		{7A834CAE-938E-4429-BC8C-A755B6FD8175}.Debug|iPhoneSimulator.Build.0 = Debug|Any CPU
		{7A834CAE-938E-4429-BC8C-A755B6FD8175}.Debug|iPhoneSimulator.Deploy.0 = Debug|Any CPU
		{7A834CAE-938E-4429-BC8C-A755B6FD8175}.Release|Any CPU.ActiveCfg = Release|Any CPU
		{7A834CAE-938E-4429-BC8C-A755B6FD8175}.Release|Any CPU.Build.0 = Release|Any CPU
		{7A834CAE-938E-4429-BC8C-A755B6FD8175}.Release|Any CPU.Deploy.0 = Release|Any CPU
		{7A834CAE-938E-4429-BC8C-A755B6FD8175}.Release|iPhone.ActiveCfg = Release|Any CPU
		{7A834CAE-938E-4429-BC8C-A755B6FD8175}.Release|iPhone.Build.0 = Release|Any CPU
		{7A834CAE-938E-4429-BC8C-A755B6FD8175}.Release|iPhone.Deploy.0 = Release|Any CPU
		{7A834CAE-938E-4429-BC8C-A755B6FD8175}.Release|iPhoneSimulator.ActiveCfg = Release|Any CPU
		{7A834CAE-938E-4429-BC8C-A755B6FD8175}.Release|iPhoneSimulator.Build.0 = Release|Any CPU
		{7A834CAE-938E-4429-BC8C-A755B6FD8175}.Release|iPhoneSimulator.Deploy.0 = Release|Any CPU
	EndGlobalSection
	GlobalSection(SolutionProperties) = preSolution
		HideSolutionNode = FALSE
	EndGlobalSection
	GlobalSection(ExtensibilityGlobals) = postSolution
		SolutionGuid = {E901C8F6-F7A4-43D7-A487-82D0BCFA7C62}
	EndGlobalSection
EndGlobal
